
Microsoft Visual Studio Solution File, Format Version 12.00
# Visual Studio Version 17
VisualStudioVersion = 17.8.34330.188
MinimumVisualStudioVersion = 10.0.40219.1
Project("{FAE04EC0-301F-11D3-BF4B-00C04F79EFBC}") = "InStoriesWebDiplom", "InStoriesWebDiplom\InStoriesWebDiplom.csproj", "{4E8A1E13-54DB-403D-AB89-36E5009697E9}"
EndProject
Global
	GlobalSection(SolutionConfigurationPlatforms) = preSolution
		Debug|Any CPU = Debug|Any CPU
		Release|Any CPU = Release|Any CPU
	EndGlobalSection
	GlobalSection(ProjectConfigurationPlatforms) = postSolution
		{4E8A1E13-54DB-403D-AB89-36E5009697E9}.Debug|Any CPU.ActiveCfg = Debug|Any CPU
		{4E8A1E13-54DB-403D-AB89-36E5009697E9}.Debug|Any CPU.Build.0 = Debug|Any CPU
		{4E8A1E13-54DB-403D-AB89-36E5009697E9}.Release|Any CPU.ActiveCfg = Release|Any CPU
		{4E8A1E13-54DB-403D-AB89-36E5009697E9}.Release|Any CPU.Build.0 = Release|Any CPU
	EndGlobalSection
	GlobalSection(SolutionProperties) = preSolution
		HideSolutionNode = FALSE
	EndGlobalSection
	GlobalSection(ExtensibilityGlobals) = postSolution
		SolutionGuid = {088729F2-FBF5-43E7-9874-F6FF8ACC738D}
	EndGlobalSection
EndGlobal
